
Microsoft Visual Studio Solution File, Format Version 12.00
# Visual Studio Version 16
VisualStudioVersion = 16.0.29920.165
MinimumVisualStudioVersion = 10.0.40219.1
Project("{FAE04EC0-301F-11D3-BF4B-00C04F79EFBC}") = "SacramentMeetingPlanner", "SacramentMeetingPlanner\SacramentMeetingPlanner.csproj", "{0A341335-76A4-4119-A8E1-3382CC196573}"
EndProject
Global
	GlobalSection(SolutionConfigurationPlatforms) = preSolution
		Debug|Any CPU = Debug|Any CPU
		Release|Any CPU = Release|Any CPU
	EndGlobalSection
	GlobalSection(ProjectConfigurationPlatforms) = postSolution
		{0A341335-76A4-4119-A8E1-3382CC196573}.Debug|Any CPU.ActiveCfg = Debug|Any CPU
		{0A341335-76A4-4119-A8E1-3382CC196573}.Debug|Any CPU.Build.0 = Debug|Any CPU
		{0A341335-76A4-4119-A8E1-3382CC196573}.Release|Any CPU.ActiveCfg = Release|Any CPU
		{0A341335-76A4-4119-A8E1-3382CC196573}.Release|Any CPU.Build.0 = Release|Any CPU
	EndGlobalSection
	GlobalSection(SolutionProperties) = preSolution
		HideSolutionNode = FALSE
	EndGlobalSection
	GlobalSection(ExtensibilityGlobals) = postSolution
		SolutionGuid = {627A2EC7-3457-4AC7-A813-7A5FF614051E}
	EndGlobalSection
EndGlobal
